
Microsoft Visual Studio Solution File, Format Version 12.00
Project("{FAE04EC0-301F-11D3-BF4B-00C04F79EFBC}") = "ExerciseGenerics", "ExerciseGenerics\ExerciseGenerics.csproj", "{B86E148D-DD04-4AB5-812F-009A36850664}"
EndProject
Global
	GlobalSection(SolutionConfigurationPlatforms) = preSolution
		Debug|Any CPU = Debug|Any CPU
		Release|Any CPU = Release|Any CPU
	EndGlobalSection
	GlobalSection(ProjectConfigurationPlatforms) = postSolution
		{B86E148D-DD04-4AB5-812F-009A36850664}.Debug|Any CPU.ActiveCfg = Debug|Any CPU
		{B86E148D-DD04-4AB5-812F-009A36850664}.Debug|Any CPU.Build.0 = Debug|Any CPU
		{B86E148D-DD04-4AB5-812F-009A36850664}.Release|Any CPU.ActiveCfg = Release|Any CPU
		{B86E148D-DD04-4AB5-812F-009A36850664}.Release|Any CPU.Build.0 = Release|Any CPU
	EndGlobalSection
EndGlobal
